
Microsoft Visual Studio Solution File, Format Version 12.00
# Visual Studio 2012
Project("{FAE04EC0-301F-11D3-BF4B-00C04F79EFBC}") = "App.Web", "App.Web\App.Web.csproj", "{173598BD-921A-4B4B-A612-70BB960BE4DB}"
EndProject
Project("{FAE04EC0-301F-11D3-BF4B-00C04F79EFBC}") = "App.Core", "App.Core\App.Core.csproj", "{E2209B95-DDDC-40E4-867B-1B276447202B}"
EndProject
Project("{00D1A9C2-B5F0-4AF3-8072-F6C62B433612}") = "App.Database", "App.Database\App.Database.sqlproj", "{6C53360D-0BF2-4D1B-870E-20A3A8310EEE}"
EndProject
Global
	GlobalSection(SolutionConfigurationPlatforms) = preSolution
		Debug|Any CPU = Debug|Any CPU
		Release|Any CPU = Release|Any CPU
	EndGlobalSection
	GlobalSection(ProjectConfigurationPlatforms) = postSolution
		{173598BD-921A-4B4B-A612-70BB960BE4DB}.Debug|Any CPU.ActiveCfg = Debug|Any CPU
		{173598BD-921A-4B4B-A612-70BB960BE4DB}.Debug|Any CPU.Build.0 = Debug|Any CPU
		{173598BD-921A-4B4B-A612-70BB960BE4DB}.Release|Any CPU.ActiveCfg = Release|Any CPU
		{173598BD-921A-4B4B-A612-70BB960BE4DB}.Release|Any CPU.Build.0 = Release|Any CPU
		{E2209B95-DDDC-40E4-867B-1B276447202B}.Debug|Any CPU.ActiveCfg = Debug|Any CPU
		{E2209B95-DDDC-40E4-867B-1B276447202B}.Debug|Any CPU.Build.0 = Debug|Any CPU
		{E2209B95-DDDC-40E4-867B-1B276447202B}.Release|Any CPU.ActiveCfg = Release|Any CPU
		{E2209B95-DDDC-40E4-867B-1B276447202B}.Release|Any CPU.Build.0 = Release|Any CPU
		{6C53360D-0BF2-4D1B-870E-20A3A8310EEE}.Debug|Any CPU.ActiveCfg = Debug|Any CPU
		{6C53360D-0BF2-4D1B-870E-20A3A8310EEE}.Debug|Any CPU.Build.0 = Debug|Any CPU
		{6C53360D-0BF2-4D1B-870E-20A3A8310EEE}.Debug|Any CPU.Deploy.0 = Debug|Any CPU
		{6C53360D-0BF2-4D1B-870E-20A3A8310EEE}.Release|Any CPU.ActiveCfg = Release|Any CPU
		{6C53360D-0BF2-4D1B-870E-20A3A8310EEE}.Release|Any CPU.Build.0 = Release|Any CPU
		{6C53360D-0BF2-4D1B-870E-20A3A8310EEE}.Release|Any CPU.Deploy.0 = Release|Any CPU
	EndGlobalSection
	GlobalSection(SolutionProperties) = preSolution
		HideSolutionNode = FALSE
	EndGlobalSection
	GlobalSection(ExtensibilityGlobals) = postSolution
		EnterpriseLibraryConfigurationToolBinariesPath = packages\Unity.2.1.505.2\lib\NET35
	EndGlobalSection
EndGlobal
